
Microsoft Visual Studio Solution File, Format Version 12.00
# Visual Studio 15
VisualStudioVersion = 15.0.28307.329
MinimumVisualStudioVersion = 10.0.40219.1
Project("{FAE04EC0-301F-11D3-BF4B-00C04F79EFBC}") = "Filter", "Filter\Filter.csproj", "{B19E76AA-592F-496D-AE49-62368ACE0E6A}"
EndProject
Global
	GlobalSection(SolutionConfigurationPlatforms) = preSolution
		Debug|Any CPU = Debug|Any CPU
		Release|Any CPU = Release|Any CPU
	EndGlobalSection
	GlobalSection(ProjectConfigurationPlatforms) = postSolution
		{B19E76AA-592F-496D-AE49-62368ACE0E6A}.Debug|Any CPU.ActiveCfg = Debug|Any CPU
		{B19E76AA-592F-496D-AE49-62368ACE0E6A}.Debug|Any CPU.Build.0 = Debug|Any CPU
		{B19E76AA-592F-496D-AE49-62368ACE0E6A}.Release|Any CPU.ActiveCfg = Release|Any CPU
		{B19E76AA-592F-496D-AE49-62368ACE0E6A}.Release|Any CPU.Build.0 = Release|Any CPU
	EndGlobalSection
	GlobalSection(SolutionProperties) = preSolution
		HideSolutionNode = FALSE
	EndGlobalSection
	GlobalSection(ExtensibilityGlobals) = postSolution
		SolutionGuid = {DD917D0C-C179-4F56-BFD5-C0D2F05A762B}
	EndGlobalSection
EndGlobal
