
Microsoft Visual Studio Solution File, Format Version 12.00
# Visual Studio 15
VisualStudioVersion = 15.0.28307.329
MinimumVisualStudioVersion = 10.0.40219.1
Project("{FAE04EC0-301F-11D3-BF4B-00C04F79EFBC}") = "ConsoleApp1", "ConsoleApp1\ConsoleApp1.csproj", "{640D17C4-8EC6-4C2F-AFA5-1C93918DE839}"
EndProject
Project("{FAE04EC0-301F-11D3-BF4B-00C04F79EFBC}") = "Evklid", "Evklid\Evklid.csproj", "{BA410B8E-265F-4965-A553-9E60C66C96A5}"
EndProject
Global
	GlobalSection(SolutionConfigurationPlatforms) = preSolution
		Debug|Any CPU = Debug|Any CPU
		Release|Any CPU = Release|Any CPU
	EndGlobalSection
	GlobalSection(ProjectConfigurationPlatforms) = postSolution
		{640D17C4-8EC6-4C2F-AFA5-1C93918DE839}.Debug|Any CPU.ActiveCfg = Debug|Any CPU
		{640D17C4-8EC6-4C2F-AFA5-1C93918DE839}.Debug|Any CPU.Build.0 = Debug|Any CPU
		{640D17C4-8EC6-4C2F-AFA5-1C93918DE839}.Release|Any CPU.ActiveCfg = Release|Any CPU
		{640D17C4-8EC6-4C2F-AFA5-1C93918DE839}.Release|Any CPU.Build.0 = Release|Any CPU
		{BA410B8E-265F-4965-A553-9E60C66C96A5}.Debug|Any CPU.ActiveCfg = Debug|Any CPU
		{BA410B8E-265F-4965-A553-9E60C66C96A5}.Debug|Any CPU.Build.0 = Debug|Any CPU
		{BA410B8E-265F-4965-A553-9E60C66C96A5}.Release|Any CPU.ActiveCfg = Release|Any CPU
		{BA410B8E-265F-4965-A553-9E60C66C96A5}.Release|Any CPU.Build.0 = Release|Any CPU
	EndGlobalSection
	GlobalSection(SolutionProperties) = preSolution
		HideSolutionNode = FALSE
	EndGlobalSection
	GlobalSection(ExtensibilityGlobals) = postSolution
		SolutionGuid = {F2430786-CFA0-47C9-BB59-5FF6D59FD27C}
	EndGlobalSection
EndGlobal
