
Microsoft Visual Studio Solution File, Format Version 12.00
# Visual Studio 15
VisualStudioVersion = 15.0.28307.329
MinimumVisualStudioVersion = 10.0.40219.1
Project("{FAE04EC0-301F-11D3-BF4B-00C04F79EFBC}") = "ConCat", "ConCat\ConCat.csproj", "{A7CF5705-0EB9-420E-9C58-EA69A3825D2B}"
EndProject
Global
	GlobalSection(SolutionConfigurationPlatforms) = preSolution
		Debug|Any CPU = Debug|Any CPU
		Release|Any CPU = Release|Any CPU
	EndGlobalSection
	GlobalSection(ProjectConfigurationPlatforms) = postSolution
		{A7CF5705-0EB9-420E-9C58-EA69A3825D2B}.Debug|Any CPU.ActiveCfg = Debug|Any CPU
		{A7CF5705-0EB9-420E-9C58-EA69A3825D2B}.Debug|Any CPU.Build.0 = Debug|Any CPU
		{A7CF5705-0EB9-420E-9C58-EA69A3825D2B}.Release|Any CPU.ActiveCfg = Release|Any CPU
		{A7CF5705-0EB9-420E-9C58-EA69A3825D2B}.Release|Any CPU.Build.0 = Release|Any CPU
	EndGlobalSection
	GlobalSection(SolutionProperties) = preSolution
		HideSolutionNode = FALSE
	EndGlobalSection
	GlobalSection(ExtensibilityGlobals) = postSolution
		SolutionGuid = {CE74775C-25DC-40EC-A9DE-381942F162B1}
	EndGlobalSection
EndGlobal
